
Microsoft Visual Studio Solution File, Format Version 12.00
# Visual Studio 15
VisualStudioVersion = 15.0.28307.960
MinimumVisualStudioVersion = 10.0.40219.1
Project("{9092AA53-FB77-4645-B42D-1CCCA6BD08BD}") = "ExpenseTracker", "ExpenseTracker.njsproj", "{5AEEEF27-5678-45D2-AF5F-C6FDDFFBB61C}"
EndProject
Global
	GlobalSection(SolutionConfigurationPlatforms) = preSolution
		Debug|Any CPU = Debug|Any CPU
		Release|Any CPU = Release|Any CPU
	EndGlobalSection
	GlobalSection(ProjectConfigurationPlatforms) = postSolution
		{5AEEEF27-5678-45D2-AF5F-C6FDDFFBB61C}.Debug|Any CPU.ActiveCfg = Debug|Any CPU
		{5AEEEF27-5678-45D2-AF5F-C6FDDFFBB61C}.Debug|Any CPU.Build.0 = Debug|Any CPU
		{5AEEEF27-5678-45D2-AF5F-C6FDDFFBB61C}.Release|Any CPU.ActiveCfg = Release|Any CPU
		{5AEEEF27-5678-45D2-AF5F-C6FDDFFBB61C}.Release|Any CPU.Build.0 = Release|Any CPU
	EndGlobalSection
	GlobalSection(SolutionProperties) = preSolution
		HideSolutionNode = FALSE
	EndGlobalSection
	GlobalSection(ExtensibilityGlobals) = postSolution
		SolutionGuid = {AA1063BC-FD1F-4940-BE98-F1E503AB2CA1}
	EndGlobalSection
EndGlobal
